{
  "projects": [
    {
      "projectId": "58GpZjZCWTaJ8AUhpCwt2K",
      "version": "3.25.0",
      "dependencies": {},
      "lang": "ts",
      "fileLocks": [
        {
          "assetId": "58GpZjZCWTaJ8AUhpCwt2K",
          "type": "projectCss",
          "checksum": "1f73b697edde7e05afb0dbd986b8b29c"
        }
      ],
      "codegenVersion": "0.0.1"
    },
    {
      "projectId": "7nJ7UcFmq9UzB6eXfC5z4a",
      "version": "0.28.0",
      "dependencies": {},
      "lang": "ts",
      "fileLocks": [
        {
          "assetId": "7nJ7UcFmq9UzB6eXfC5z4a",
          "type": "projectCss",
          "checksum": "806e75b741d37c4c53b87355cf8dfab1"
        }
      ],
      "codegenVersion": "0.0.1"
    },
    {
      "projectId": "rYDJGJn2i6YbHHAjxPUaFJ",
      "version": "latest",
      "dependencies": {
        "7nJ7UcFmq9UzB6eXfC5z4a": "0.28.0",
        "58GpZjZCWTaJ8AUhpCwt2K": "3.25.0"
      },
      "lang": "ts",
      "fileLocks": [
        {
          "type": "globalVariant",
          "assetId": "6GWMj6Q45d0h",
          "checksum": "85971ac161425fc4db2cc625d9655f09"
        },
        {
          "assetId": "rYDJGJn2i6YbHHAjxPUaFJ",
          "type": "projectCss",
          "checksum": "6f3e5d085098cdd71d3c4fc58f609c94"
        },
        {
          "type": "renderModule",
          "assetId": "BTxZMkbKExtq",
          "checksum": "ad239bcb3507b138b43768857193ea0e"
        },
        {
          "type": "cssRules",
          "assetId": "BTxZMkbKExtq",
          "checksum": "ad239bcb3507b138b43768857193ea0e"
        },
        {
          "type": "renderModule",
          "assetId": "SDDoHs2Hfb7i",
          "checksum": "55ceac020771d3abcecec4b58eb801a4"
        },
        {
          "type": "cssRules",
          "assetId": "SDDoHs2Hfb7i",
          "checksum": "55ceac020771d3abcecec4b58eb801a4"
        },
        {
          "type": "renderModule",
          "assetId": "z-5OK1Oiy0wi",
          "checksum": "8ad3cec452ca0ee72f5bbad8a56da809"
        },
        {
          "type": "cssRules",
          "assetId": "z-5OK1Oiy0wi",
          "checksum": "8ad3cec452ca0ee72f5bbad8a56da809"
        },
        {
          "type": "renderModule",
          "assetId": "GNoetQkoNhT9",
          "checksum": "4d007b7c662d9a0e6e555c7e57405652"
        },
        {
          "type": "cssRules",
          "assetId": "GNoetQkoNhT9",
          "checksum": "4d007b7c662d9a0e6e555c7e57405652"
        },
        {
          "type": "renderModule",
          "assetId": "E_ur8xfaYtEa",
          "checksum": "808cab14071af070e7161b2a818c24d6"
        },
        {
          "type": "cssRules",
          "assetId": "E_ur8xfaYtEa",
          "checksum": "808cab14071af070e7161b2a818c24d6"
        },
        {
          "type": "renderModule",
          "assetId": "XBMLSfSp-xhI",
          "checksum": "c1071df33311f5cc04e00e568ed33ebc"
        },
        {
          "type": "cssRules",
          "assetId": "XBMLSfSp-xhI",
          "checksum": "c1071df33311f5cc04e00e568ed33ebc"
        },
        {
          "type": "renderModule",
          "assetId": "xk5Q4_hFVp0J",
          "checksum": "f23bf3f5dd31ca2119c2bb85f07fb1e7"
        },
        {
          "type": "cssRules",
          "assetId": "xk5Q4_hFVp0J",
          "checksum": "f23bf3f5dd31ca2119c2bb85f07fb1e7"
        },
        {
          "type": "renderModule",
          "assetId": "M9-anCG5OMAa",
          "checksum": "7f270b1de05d391cec6600c79f5a31e3"
        },
        {
          "type": "cssRules",
          "assetId": "M9-anCG5OMAa",
          "checksum": "7f270b1de05d391cec6600c79f5a31e3"
        },
        {
          "type": "renderModule",
          "assetId": "76Mbap1i5mYL",
          "checksum": "8f81e7a637dc5758373c97c0649aca4a"
        },
        {
          "type": "cssRules",
          "assetId": "76Mbap1i5mYL",
          "checksum": "8f81e7a637dc5758373c97c0649aca4a"
        },
        {
          "type": "renderModule",
          "assetId": "vVt-gq3puX5R",
          "checksum": "2711efc369e534a921045a716a1fd14c"
        },
        {
          "type": "cssRules",
          "assetId": "vVt-gq3puX5R",
          "checksum": "2711efc369e534a921045a716a1fd14c"
        },
        {
          "type": "icon",
          "assetId": "oKt7ByKmTmM_",
          "checksum": "9c56b3b5355a9d22bb8d7ef4e0007fa6"
        },
        {
          "type": "icon",
          "assetId": "-lrplaODd-qL",
          "checksum": "6f7efaa702b7f4b01185fc3596f2dc3b"
        },
        {
          "type": "icon",
          "assetId": "d0gKictjUBT3",
          "checksum": "f125cbe7b75ec64f493bc5c9fa80fa97"
        },
        {
          "type": "icon",
          "assetId": "GTuMQZAyk0V3",
          "checksum": "bfebfbb31b4569abf98fd092f77f355f"
        },
        {
          "type": "icon",
          "assetId": "g9GGgPuLHbR3",
          "checksum": "f770530de57be81b32db066e3666856a"
        },
        {
          "type": "icon",
          "assetId": "c-vnNJA-tPpE",
          "checksum": "7755846b5ab7ad7eb702b116b02517ea"
        },
        {
          "type": "icon",
          "assetId": "41JNmuLCIRqa",
          "checksum": "c2cce4740deca19675864d9e0d0ff508"
        },
        {
          "type": "icon",
          "assetId": "thszmSz89tsp",
          "checksum": "0140833611c6621178039c103c6a7b12"
        },
        {
          "type": "icon",
          "assetId": "1ctznqGrLA5k",
          "checksum": "1fe093e6c977f1d519a74482ae1fa358"
        },
        {
          "type": "icon",
          "assetId": "KuZylJaWsOD-",
          "checksum": "877f163bc09c920a4b17685fb87d598a"
        },
        {
          "type": "image",
          "assetId": "B2Mmim3vQsEx",
          "checksum": "3bdd12fdf3ffae5ccb81dd9fc92994f7"
        },
        {
          "type": "image",
          "assetId": "jfroxoDM-2PU",
          "checksum": "95b552a9f962583e4696982dd5ce9954"
        },
        {
          "type": "image",
          "assetId": "z_hbDhKV9i_x",
          "checksum": "6703b2e5c932af619ccac5fbe6c4d6b7"
        },
        {
          "type": "image",
          "assetId": "Sd0i0S_AV6Cu",
          "checksum": "f1c5687cccdd49bae13cf16eccca42f0"
        },
        {
          "type": "image",
          "assetId": "xI-ddb6wjAzY",
          "checksum": "bd4829e50d5b86492b0b0c4ad4a53319"
        },
        {
          "type": "image",
          "assetId": "dQyyp9aekVL-",
          "checksum": "231c58bed9f3aadff83d309aa0b8ef45"
        },
        {
          "type": "image",
          "assetId": "KuEE1fOU-5_H",
          "checksum": "3561af6b02406a4c5e429fadea41934d"
        },
        {
          "type": "image",
          "assetId": "9_Hmb0y-9Rds",
          "checksum": "d3db4642d11f8159d1ccc1fd7efbba12"
        },
        {
          "type": "image",
          "assetId": "hchM2Zq1b87Y",
          "checksum": "54269b3555123da2139b2de6a80dca10"
        },
        {
          "type": "image",
          "assetId": "0hZcbyQblmCe",
          "checksum": "149e63a1af634eec3ce90a1c85e3f53b"
        },
        {
          "type": "image",
          "assetId": "71o7ILdb6hK5",
          "checksum": "8593e191483b64b96e5f7932771401f3"
        },
        {
          "type": "image",
          "assetId": "OXxU6ALrF4Mr",
          "checksum": "48f2171c1323ff73d1789ef2a7847952"
        },
        {
          "type": "image",
          "assetId": "h_dfKLmbk6MP",
          "checksum": "cabd44ba97b6095322ba798968de12f2"
        },
        {
          "type": "image",
          "assetId": "MM5EdvFH8oFc",
          "checksum": "8fc822e4fc31f95dba9c4538ebe37c0b"
        },
        {
          "type": "image",
          "assetId": "uCXaXBYyJO58",
          "checksum": "2c5a350450891c064eadda92013f6239"
        },
        {
          "type": "image",
          "assetId": "dG3y9bNlz0Yp",
          "checksum": "5a7ea56a0335dc8572d064d06da7c07d"
        },
        {
          "type": "image",
          "assetId": "CSEaPwKYamb3",
          "checksum": "21ecbe1d12246a51b4406c9a906299a0"
        },
        {
          "type": "image",
          "assetId": "4mlh4aDPFr8Z",
          "checksum": "dafce729f467ca8337b75e0922b6fc70"
        },
        {
          "type": "image",
          "assetId": "uk1PGqiPtO4C",
          "checksum": "521334caa71ea1cfa2baacdac52b0fc0"
        },
        {
          "type": "image",
          "assetId": "gYQx1KaOMlyo",
          "checksum": "ef00b249a9faf4f178237fca0aef1afb"
        },
        {
          "type": "image",
          "assetId": "mwQ0_bpPsECW",
          "checksum": "d6940daee20c92c3ae40ec22771c38da"
        },
        {
          "type": "image",
          "assetId": "nyi0U5M8feTG",
          "checksum": "8fc544d2c7611b99ed29926bd92c32b2"
        },
        {
          "type": "image",
          "assetId": "xgrHBgNq_WY8",
          "checksum": "42333951ad388ce00ef3d2a7865243c5"
        },
        {
          "type": "image",
          "assetId": "3-VX7eBMP_40",
          "checksum": "ac0452a72d36ddf56c00e0e743cd04c8"
        },
        {
          "type": "image",
          "assetId": "_GIoW0RmYnY7",
          "checksum": "0c5189e24036bbc9b0f67181f36c4738"
        },
        {
          "type": "image",
          "assetId": "f0i2KHzvfw-E",
          "checksum": "9a6cab266a44a2d9b9686f2b7b3bb403"
        },
        {
          "type": "image",
          "assetId": "WyH7l5nvalm-",
          "checksum": "92f0858d9461ca62a35cacd12b829adb"
        },
        {
          "type": "image",
          "assetId": "2cvwSEUwdSng",
          "checksum": "e11dfb738479057644f67c1c95bf8250"
        },
        {
          "type": "image",
          "assetId": "luDMj1_wmJXK",
          "checksum": "e7eca97d7dcadd25d80350591c2a4b4a"
        },
        {
          "type": "image",
          "assetId": "QNeJUnpHxi3q",
          "checksum": "3f165b8ec4f393f7323f34efe0aab6fb"
        },
        {
          "type": "image",
          "assetId": "0VEhCDGjxxcr",
          "checksum": "5df4f40580e2c4fd3de9a80d1e3f3fd1"
        },
        {
          "type": "image",
          "assetId": "Q1EAl7YmUFPw",
          "checksum": "239b3196e7be868ca711ee69fd02eab0"
        },
        {
          "type": "image",
          "assetId": "QX464YqeP42T",
          "checksum": "47509d94e6908880884227c18d9f6db1"
        },
        {
          "type": "image",
          "assetId": "BlT5v1Rhue3c",
          "checksum": "7549b05ad90ddbccc068d920ce11bc5f"
        },
        {
          "type": "image",
          "assetId": "oY4I4DgGEU3a",
          "checksum": "fe6e77db39f3a17a7941dbe77acb730c"
        },
        {
          "type": "image",
          "assetId": "0nIPTs6ukVg7",
          "checksum": "531ae40b2dec3a66dc4455d2d8bad35c"
        },
        {
          "type": "image",
          "assetId": "H9JEuAtzf1Z-",
          "checksum": "5c7cf642e4f2cd717da8c9824aa85411"
        },
        {
          "type": "image",
          "assetId": "n1fBt-exMS7L",
          "checksum": "d95c570774eb8d4bbab5c1c0641e09bf"
        },
        {
          "type": "image",
          "assetId": "ZxA_HAOhFs3j",
          "checksum": "430091d935e2d80318b1524a7418193f"
        },
        {
          "type": "image",
          "assetId": "p4qKOBZPegtK",
          "checksum": "be770068a0326db7effa034ab4923429"
        },
        {
          "type": "image",
          "assetId": "WyIHegTqtdYL",
          "checksum": "81b1e28c115e9bc3d8118dc97afaf7e3"
        },
        {
          "type": "image",
          "assetId": "W0PHo0Q6BlCi",
          "checksum": "8c2f97b8fdf788be26fcd2a97e0c5235"
        },
        {
          "type": "image",
          "assetId": "zk3va5iD2fh9",
          "checksum": "dc1d7c220250f98f19d434a27c2325f5"
        },
        {
          "type": "image",
          "assetId": "trERITqnqIc6",
          "checksum": "d9546f94ed664036fa4f11daf789e312"
        }
      ],
      "codegenVersion": "0.0.1"
    }
  ],
  "cliVersion": "0.1.331"
}
